
Microsoft Visual Studio Solution File, Format Version 12.00
# Visual Studio Version 16
VisualStudioVersion = 16.0.31624.102
MinimumVisualStudioVersion = 10.0.40219.1
Project("{FAE04EC0-301F-11D3-BF4B-00C04F79EFBC}") = "AreaOfTheFigure", "AreaOfTheFigure\AreaOfTheFigure.csproj", "{2A80610C-8B20-4E53-912F-FA4EE1913713}"
EndProject
Project("{FAE04EC0-301F-11D3-BF4B-00C04F79EFBC}") = "AreaTests", "AreaTests\AreaTests.csproj", "{AC1A23C3-440A-4865-9FE3-432212E83C57}"
	ProjectSection(ProjectDependencies) = postProject
		{2A80610C-8B20-4E53-912F-FA4EE1913713} = {2A80610C-8B20-4E53-912F-FA4EE1913713}
	EndProjectSection
EndProject
Global
	GlobalSection(SolutionConfigurationPlatforms) = preSolution
		Debug|Any CPU = Debug|Any CPU
		Debug|x64 = Debug|x64
		Debug|x86 = Debug|x86
		Release|Any CPU = Release|Any CPU
		Release|x64 = Release|x64
		Release|x86 = Release|x86
	EndGlobalSection
	GlobalSection(ProjectConfigurationPlatforms) = postSolution
		{2A80610C-8B20-4E53-912F-FA4EE1913713}.Debug|Any CPU.ActiveCfg = Debug|Any CPU
		{2A80610C-8B20-4E53-912F-FA4EE1913713}.Debug|Any CPU.Build.0 = Debug|Any CPU
		{2A80610C-8B20-4E53-912F-FA4EE1913713}.Debug|x64.ActiveCfg = Debug|Any CPU
		{2A80610C-8B20-4E53-912F-FA4EE1913713}.Debug|x64.Build.0 = Debug|Any CPU
		{2A80610C-8B20-4E53-912F-FA4EE1913713}.Debug|x86.ActiveCfg = Debug|Any CPU
		{2A80610C-8B20-4E53-912F-FA4EE1913713}.Debug|x86.Build.0 = Debug|Any CPU
		{2A80610C-8B20-4E53-912F-FA4EE1913713}.Release|Any CPU.ActiveCfg = Release|Any CPU
		{2A80610C-8B20-4E53-912F-FA4EE1913713}.Release|Any CPU.Build.0 = Release|Any CPU
		{2A80610C-8B20-4E53-912F-FA4EE1913713}.Release|x64.ActiveCfg = Release|Any CPU
		{2A80610C-8B20-4E53-912F-FA4EE1913713}.Release|x64.Build.0 = Release|Any CPU
		{2A80610C-8B20-4E53-912F-FA4EE1913713}.Release|x86.ActiveCfg = Release|Any CPU
		{2A80610C-8B20-4E53-912F-FA4EE1913713}.Release|x86.Build.0 = Release|Any CPU
		{AC1A23C3-440A-4865-9FE3-432212E83C57}.Debug|Any CPU.ActiveCfg = Debug|Any CPU
		{AC1A23C3-440A-4865-9FE3-432212E83C57}.Debug|Any CPU.Build.0 = Debug|Any CPU
		{AC1A23C3-440A-4865-9FE3-432212E83C57}.Debug|x64.ActiveCfg = Debug|Any CPU
		{AC1A23C3-440A-4865-9FE3-432212E83C57}.Debug|x64.Build.0 = Debug|Any CPU
		{AC1A23C3-440A-4865-9FE3-432212E83C57}.Debug|x86.ActiveCfg = Debug|Any CPU
		{AC1A23C3-440A-4865-9FE3-432212E83C57}.Debug|x86.Build.0 = Debug|Any CPU
		{AC1A23C3-440A-4865-9FE3-432212E83C57}.Release|Any CPU.ActiveCfg = Release|Any CPU
		{AC1A23C3-440A-4865-9FE3-432212E83C57}.Release|Any CPU.Build.0 = Release|Any CPU
		{AC1A23C3-440A-4865-9FE3-432212E83C57}.Release|x64.ActiveCfg = Release|Any CPU
		{AC1A23C3-440A-4865-9FE3-432212E83C57}.Release|x64.Build.0 = Release|Any CPU
		{AC1A23C3-440A-4865-9FE3-432212E83C57}.Release|x86.ActiveCfg = Release|Any CPU
		{AC1A23C3-440A-4865-9FE3-432212E83C57}.Release|x86.Build.0 = Release|Any CPU
	EndGlobalSection
	GlobalSection(SolutionProperties) = preSolution
		HideSolutionNode = FALSE
	EndGlobalSection
	GlobalSection(ExtensibilityGlobals) = postSolution
		SolutionGuid = {D005A482-5588-4E6A-8DE7-AE4FD79CAE11}
	EndGlobalSection
EndGlobal
